
Microsoft Visual Studio Solution File, Format Version 12.00
# Visual Studio Version 17
VisualStudioVersion = 17.14.36518.9
MinimumVisualStudioVersion = 10.0.40219.1
Project("{FAE04EC0-301F-11D3-BF4B-00C04F79EFBC}") = "1", "1\1.csproj", "{F7F40329-F763-431C-A1F5-A782C9587CBC}"
EndProject
Project("{FAE04EC0-301F-11D3-BF4B-00C04F79EFBC}") = "2", "2\2.csproj", "{8F59EF3F-0E1A-472E-B1BA-B763982D54E0}"
EndProject
Project("{FAE04EC0-301F-11D3-BF4B-00C04F79EFBC}") = "3", "3\3.csproj", "{04C878EC-8CDE-455C-B00B-01EBB839B2B3}"
EndProject
Project("{FAE04EC0-301F-11D3-BF4B-00C04F79EFBC}") = "4", "4\4.csproj", "{DC820151-8F81-4E36-85B9-FB7ACF9B1DA5}"
EndProject
Project("{FAE04EC0-301F-11D3-BF4B-00C04F79EFBC}") = "5", "5\5.csproj", "{6FCD8716-C95F-4B13-8113-75A1265C385F}"
EndProject
Project("{FAE04EC0-301F-11D3-BF4B-00C04F79EFBC}") = "6", "6\6.csproj", "{8133E349-F036-4004-ABE7-36C013BFCEAD}"
EndProject
Project("{FAE04EC0-301F-11D3-BF4B-00C04F79EFBC}") = "7", "7\7.csproj", "{7DFD80F9-9621-42C0-9899-CF7B95475596}"
EndProject
Project("{FAE04EC0-301F-11D3-BF4B-00C04F79EFBC}") = "8", "8\8.csproj", "{12D7600A-613F-4EC0-83DE-AA19D61AED04}"
EndProject
Project("{FAE04EC0-301F-11D3-BF4B-00C04F79EFBC}") = "9", "9\9.csproj", "{97380B1F-A7B5-4BB3-A467-41B244FB490B}"
EndProject
Project("{FAE04EC0-301F-11D3-BF4B-00C04F79EFBC}") = "10", "10\10.csproj", "{C6D2492E-CECD-4B7B-A3B4-7D8CFB69D981}"
EndProject
Project("{FAE04EC0-301F-11D3-BF4B-00C04F79EFBC}") = "11", "11\11.csproj", "{4C8E51B9-2A72-48CD-9096-DD1DB640F8CB}"
EndProject
Project("{FAE04EC0-301F-11D3-BF4B-00C04F79EFBC}") = "12", "12\12.csproj", "{637158A4-96F7-411A-87DD-209FBC1494C0}"
EndProject
Global
	GlobalSection(SolutionConfigurationPlatforms) = preSolution
		Debug|Any CPU = Debug|Any CPU
		Release|Any CPU = Release|Any CPU
	EndGlobalSection
	GlobalSection(ProjectConfigurationPlatforms) = postSolution
		{F7F40329-F763-431C-A1F5-A782C9587CBC}.Debug|Any CPU.ActiveCfg = Debug|Any CPU
		{F7F40329-F763-431C-A1F5-A782C9587CBC}.Debug|Any CPU.Build.0 = Debug|Any CPU
		{F7F40329-F763-431C-A1F5-A782C9587CBC}.Release|Any CPU.ActiveCfg = Release|Any CPU
		{F7F40329-F763-431C-A1F5-A782C9587CBC}.Release|Any CPU.Build.0 = Release|Any CPU
		{8F59EF3F-0E1A-472E-B1BA-B763982D54E0}.Debug|Any CPU.ActiveCfg = Debug|Any CPU
		{8F59EF3F-0E1A-472E-B1BA-B763982D54E0}.Debug|Any CPU.Build.0 = Debug|Any CPU
		{8F59EF3F-0E1A-472E-B1BA-B763982D54E0}.Release|Any CPU.ActiveCfg = Release|Any CPU
		{8F59EF3F-0E1A-472E-B1BA-B763982D54E0}.Release|Any CPU.Build.0 = Release|Any CPU
		{04C878EC-8CDE-455C-B00B-01EBB839B2B3}.Debug|Any CPU.ActiveCfg = Debug|Any CPU
		{04C878EC-8CDE-455C-B00B-01EBB839B2B3}.Debug|Any CPU.Build.0 = Debug|Any CPU
		{04C878EC-8CDE-455C-B00B-01EBB839B2B3}.Release|Any CPU.ActiveCfg = Release|Any CPU
		{04C878EC-8CDE-455C-B00B-01EBB839B2B3}.Release|Any CPU.Build.0 = Release|Any CPU
		{DC820151-8F81-4E36-85B9-FB7ACF9B1DA5}.Debug|Any CPU.ActiveCfg = Debug|Any CPU
		{DC820151-8F81-4E36-85B9-FB7ACF9B1DA5}.Debug|Any CPU.Build.0 = Debug|Any CPU
		{DC820151-8F81-4E36-85B9-FB7ACF9B1DA5}.Release|Any CPU.ActiveCfg = Release|Any CPU
		{DC820151-8F81-4E36-85B9-FB7ACF9B1DA5}.Release|Any CPU.Build.0 = Release|Any CPU
		{6FCD8716-C95F-4B13-8113-75A1265C385F}.Debug|Any CPU.ActiveCfg = Debug|Any CPU
		{6FCD8716-C95F-4B13-8113-75A1265C385F}.Debug|Any CPU.Build.0 = Debug|Any CPU
		{6FCD8716-C95F-4B13-8113-75A1265C385F}.Release|Any CPU.ActiveCfg = Release|Any CPU
		{6FCD8716-C95F-4B13-8113-75A1265C385F}.Release|Any CPU.Build.0 = Release|Any CPU
		{8133E349-F036-4004-ABE7-36C013BFCEAD}.Debug|Any CPU.ActiveCfg = Debug|Any CPU
		{8133E349-F036-4004-ABE7-36C013BFCEAD}.Debug|Any CPU.Build.0 = Debug|Any CPU
		{8133E349-F036-4004-ABE7-36C013BFCEAD}.Release|Any CPU.ActiveCfg = Release|Any CPU
		{8133E349-F036-4004-ABE7-36C013BFCEAD}.Release|Any CPU.Build.0 = Release|Any CPU
		{7DFD80F9-9621-42C0-9899-CF7B95475596}.Debug|Any CPU.ActiveCfg = Debug|Any CPU
		{7DFD80F9-9621-42C0-9899-CF7B95475596}.Debug|Any CPU.Build.0 = Debug|Any CPU
		{7DFD80F9-9621-42C0-9899-CF7B95475596}.Release|Any CPU.ActiveCfg = Release|Any CPU
		{7DFD80F9-9621-42C0-9899-CF7B95475596}.Release|Any CPU.Build.0 = Release|Any CPU
		{12D7600A-613F-4EC0-83DE-AA19D61AED04}.Debug|Any CPU.ActiveCfg = Debug|Any CPU
		{12D7600A-613F-4EC0-83DE-AA19D61AED04}.Debug|Any CPU.Build.0 = Debug|Any CPU
		{12D7600A-613F-4EC0-83DE-AA19D61AED04}.Release|Any CPU.ActiveCfg = Release|Any CPU
		{12D7600A-613F-4EC0-83DE-AA19D61AED04}.Release|Any CPU.Build.0 = Release|Any CPU
		{97380B1F-A7B5-4BB3-A467-41B244FB490B}.Debug|Any CPU.ActiveCfg = Debug|Any CPU
		{97380B1F-A7B5-4BB3-A467-41B244FB490B}.Debug|Any CPU.Build.0 = Debug|Any CPU
		{97380B1F-A7B5-4BB3-A467-41B244FB490B}.Release|Any CPU.ActiveCfg = Release|Any CPU
		{97380B1F-A7B5-4BB3-A467-41B244FB490B}.Release|Any CPU.Build.0 = Release|Any CPU
		{C6D2492E-CECD-4B7B-A3B4-7D8CFB69D981}.Debug|Any CPU.ActiveCfg = Debug|Any CPU
		{C6D2492E-CECD-4B7B-A3B4-7D8CFB69D981}.Debug|Any CPU.Build.0 = Debug|Any CPU
		{C6D2492E-CECD-4B7B-A3B4-7D8CFB69D981}.Release|Any CPU.ActiveCfg = Release|Any CPU
		{C6D2492E-CECD-4B7B-A3B4-7D8CFB69D981}.Release|Any CPU.Build.0 = Release|Any CPU
		{4C8E51B9-2A72-48CD-9096-DD1DB640F8CB}.Debug|Any CPU.ActiveCfg = Debug|Any CPU
		{4C8E51B9-2A72-48CD-9096-DD1DB640F8CB}.Debug|Any CPU.Build.0 = Debug|Any CPU
		{4C8E51B9-2A72-48CD-9096-DD1DB640F8CB}.Release|Any CPU.ActiveCfg = Release|Any CPU
		{4C8E51B9-2A72-48CD-9096-DD1DB640F8CB}.Release|Any CPU.Build.0 = Release|Any CPU
		{637158A4-96F7-411A-87DD-209FBC1494C0}.Debug|Any CPU.ActiveCfg = Debug|Any CPU
		{637158A4-96F7-411A-87DD-209FBC1494C0}.Debug|Any CPU.Build.0 = Debug|Any CPU
		{637158A4-96F7-411A-87DD-209FBC1494C0}.Release|Any CPU.ActiveCfg = Release|Any CPU
		{637158A4-96F7-411A-87DD-209FBC1494C0}.Release|Any CPU.Build.0 = Release|Any CPU
	EndGlobalSection
	GlobalSection(SolutionProperties) = preSolution
		HideSolutionNode = FALSE
	EndGlobalSection
	GlobalSection(ExtensibilityGlobals) = postSolution
		SolutionGuid = {666E86DB-39DA-46A5-A565-106FEFDAB726}
	EndGlobalSection
EndGlobal
