
Microsoft Visual Studio Solution File, Format Version 12.00
# Visual Studio Version 17
VisualStudioVersion = 17.14.36518.9
MinimumVisualStudioVersion = 10.0.40219.1
Project("{FAE04EC0-301F-11D3-BF4B-00C04F79EFBC}") = "1", "1\1.csproj", "{F7F40329-F763-431C-A1F5-A782C9587CBC}"
EndProject
Project("{FAE04EC0-301F-11D3-BF4B-00C04F79EFBC}") = "2", "2\2.csproj", "{8F59EF3F-0E1A-472E-B1BA-B763982D54E0}"
EndProject
Project("{FAE04EC0-301F-11D3-BF4B-00C04F79EFBC}") = "3", "3\3.csproj", "{04C878EC-8CDE-455C-B00B-01EBB839B2B3}"
EndProject
Project("{FAE04EC0-301F-11D3-BF4B-00C04F79EFBC}") = "4", "4\4.csproj", "{DC820151-8F81-4E36-85B9-FB7ACF9B1DA5}"
EndProject
Project("{FAE04EC0-301F-11D3-BF4B-00C04F79EFBC}") = "5", "5\5.csproj", "{6FCD8716-C95F-4B13-8113-75A1265C385F}"
EndProject
Global
	GlobalSection(SolutionConfigurationPlatforms) = preSolution
		Debug|Any CPU = Debug|Any CPU
		Release|Any CPU = Release|Any CPU
	EndGlobalSection
	GlobalSection(ProjectConfigurationPlatforms) = postSolution
		{F7F40329-F763-431C-A1F5-A782C9587CBC}.Debug|Any CPU.ActiveCfg = Debug|Any CPU
		{F7F40329-F763-431C-A1F5-A782C9587CBC}.Debug|Any CPU.Build.0 = Debug|Any CPU
		{F7F40329-F763-431C-A1F5-A782C9587CBC}.Release|Any CPU.ActiveCfg = Release|Any CPU
		{F7F40329-F763-431C-A1F5-A782C9587CBC}.Release|Any CPU.Build.0 = Release|Any CPU
		{8F59EF3F-0E1A-472E-B1BA-B763982D54E0}.Debug|Any CPU.ActiveCfg = Debug|Any CPU
		{8F59EF3F-0E1A-472E-B1BA-B763982D54E0}.Debug|Any CPU.Build.0 = Debug|Any CPU
		{8F59EF3F-0E1A-472E-B1BA-B763982D54E0}.Release|Any CPU.ActiveCfg = Release|Any CPU
		{8F59EF3F-0E1A-472E-B1BA-B763982D54E0}.Release|Any CPU.Build.0 = Release|Any CPU
		{04C878EC-8CDE-455C-B00B-01EBB839B2B3}.Debug|Any CPU.ActiveCfg = Debug|Any CPU
		{04C878EC-8CDE-455C-B00B-01EBB839B2B3}.Debug|Any CPU.Build.0 = Debug|Any CPU
		{04C878EC-8CDE-455C-B00B-01EBB839B2B3}.Release|Any CPU.ActiveCfg = Release|Any CPU
		{04C878EC-8CDE-455C-B00B-01EBB839B2B3}.Release|Any CPU.Build.0 = Release|Any CPU
		{DC820151-8F81-4E36-85B9-FB7ACF9B1DA5}.Debug|Any CPU.ActiveCfg = Debug|Any CPU
		{DC820151-8F81-4E36-85B9-FB7ACF9B1DA5}.Debug|Any CPU.Build.0 = Debug|Any CPU
		{DC820151-8F81-4E36-85B9-FB7ACF9B1DA5}.Release|Any CPU.ActiveCfg = Release|Any CPU
		{DC820151-8F81-4E36-85B9-FB7ACF9B1DA5}.Release|Any CPU.Build.0 = Release|Any CPU
		{6FCD8716-C95F-4B13-8113-75A1265C385F}.Debug|Any CPU.ActiveCfg = Debug|Any CPU
		{6FCD8716-C95F-4B13-8113-75A1265C385F}.Debug|Any CPU.Build.0 = Debug|Any CPU
		{6FCD8716-C95F-4B13-8113-75A1265C385F}.Release|Any CPU.ActiveCfg = Release|Any CPU
		{6FCD8716-C95F-4B13-8113-75A1265C385F}.Release|Any CPU.Build.0 = Release|Any CPU
	EndGlobalSection
	GlobalSection(SolutionProperties) = preSolution
		HideSolutionNode = FALSE
	EndGlobalSection
	GlobalSection(ExtensibilityGlobals) = postSolution
		SolutionGuid = {666E86DB-39DA-46A5-A565-106FEFDAB726}
	EndGlobalSection
EndGlobal
